
Microsoft Visual Studio Solution File, Format Version 12.00
# Visual Studio Version 17
VisualStudioVersion = 17.2.32516.85
MinimumVisualStudioVersion = 10.0.40219.1
Project("{8BC9CEB8-8B4A-11D0-8D11-00A0C91BC942}") = "c structures", "c structures.vcxproj", "{7EFFDD8F-E889-434F-AC4A-C8152E6BBBEC}"
EndProject
Global
	GlobalSection(SolutionConfigurationPlatforms) = preSolution
		Debug|x64 = Debug|x64
		Debug|x86 = Debug|x86
		Release|x64 = Release|x64
		Release|x86 = Release|x86
	EndGlobalSection
	GlobalSection(ProjectConfigurationPlatforms) = postSolution
		{7EFFDD8F-E889-434F-AC4A-C8152E6BBBEC}.Debug|x64.ActiveCfg = Debug|x64
		{7EFFDD8F-E889-434F-AC4A-C8152E6BBBEC}.Debug|x64.Build.0 = Debug|x64
		{7EFFDD8F-E889-434F-AC4A-C8152E6BBBEC}.Debug|x86.ActiveCfg = Debug|Win32
		{7EFFDD8F-E889-434F-AC4A-C8152E6BBBEC}.Debug|x86.Build.0 = Debug|Win32
		{7EFFDD8F-E889-434F-AC4A-C8152E6BBBEC}.Release|x64.ActiveCfg = Release|x64
		{7EFFDD8F-E889-434F-AC4A-C8152E6BBBEC}.Release|x64.Build.0 = Release|x64
		{7EFFDD8F-E889-434F-AC4A-C8152E6BBBEC}.Release|x86.ActiveCfg = Release|Win32
		{7EFFDD8F-E889-434F-AC4A-C8152E6BBBEC}.Release|x86.Build.0 = Release|Win32
	EndGlobalSection
	GlobalSection(SolutionProperties) = preSolution
		HideSolutionNode = FALSE
	EndGlobalSection
	GlobalSection(ExtensibilityGlobals) = postSolution
		SolutionGuid = {B9451D2D-78D8-4933-9B4D-823C1C254216}
	EndGlobalSection
EndGlobal
